
Microsoft Visual Studio Solution File, Format Version 12.00
# Visual Studio Version 16
VisualStudioVersion = 16.0.30225.117
MinimumVisualStudioVersion = 10.0.40219.1
Project("{FAE04EC0-301F-11D3-BF4B-00C04F79EFBC}") = "TomsDataOnionSolutions", "TomsDataOnionSolutions\TomsDataOnionSolutions.csproj", "{7E06E24F-CB21-48FC-BF5F-78D3D731F60D}"
EndProject
Project("{FAE04EC0-301F-11D3-BF4B-00C04F79EFBC}") = "TomsDataOnionBase85Test", "TomsDataOnionBase85Test\TomsDataOnionBase85Test.csproj", "{4FA50F04-0BF4-49A4-B59B-79486192FE1D}"
EndProject
Global
	GlobalSection(SolutionConfigurationPlatforms) = preSolution
		Debug|Any CPU = Debug|Any CPU
		Release|Any CPU = Release|Any CPU
	EndGlobalSection
	GlobalSection(ProjectConfigurationPlatforms) = postSolution
		{7E06E24F-CB21-48FC-BF5F-78D3D731F60D}.Debug|Any CPU.ActiveCfg = Debug|Any CPU
		{7E06E24F-CB21-48FC-BF5F-78D3D731F60D}.Debug|Any CPU.Build.0 = Debug|Any CPU
		{7E06E24F-CB21-48FC-BF5F-78D3D731F60D}.Release|Any CPU.ActiveCfg = Release|Any CPU
		{7E06E24F-CB21-48FC-BF5F-78D3D731F60D}.Release|Any CPU.Build.0 = Release|Any CPU
		{4FA50F04-0BF4-49A4-B59B-79486192FE1D}.Debug|Any CPU.ActiveCfg = Debug|Any CPU
		{4FA50F04-0BF4-49A4-B59B-79486192FE1D}.Debug|Any CPU.Build.0 = Debug|Any CPU
		{4FA50F04-0BF4-49A4-B59B-79486192FE1D}.Release|Any CPU.ActiveCfg = Release|Any CPU
		{4FA50F04-0BF4-49A4-B59B-79486192FE1D}.Release|Any CPU.Build.0 = Release|Any CPU
	EndGlobalSection
	GlobalSection(SolutionProperties) = preSolution
		HideSolutionNode = FALSE
	EndGlobalSection
	GlobalSection(ExtensibilityGlobals) = postSolution
		SolutionGuid = {89C6782A-BC67-4525-9449-3153DF32D396}
	EndGlobalSection
EndGlobal
